{
  "version": 4,
  "terraform_version": "1.1.0",
  "serial": 9,
  "lineage": "af8d9135-6761-d94e-df23-5cc5f95c5706",
  "outputs": {},
  "resources": [
    {
      "mode": "managed",
      "type": "azurerm_linux_web_app",
      "name": "web_app",
      "provider": "provider[\"registry.terraform.io/hashicorp/azurerm\"]",
      "instances": [
        {
          "schema_version": 0,
          "attributes": {
            "app_settings": null,
            "auth_settings": [
              {
                "active_directory": [],
                "additional_login_parameters": {},
                "allowed_external_redirect_urls": [],
                "default_provider": "",
                "enabled": false,
                "facebook": [],
                "github": [],
                "google": [],
                "issuer": "",
                "microsoft": [],
                "runtime_version": "",
                "token_refresh_extension_hours": 0,
                "token_store_enabled": false,
                "twitter": [],
                "unauthenticated_client_action": ""
              }
            ],
            "backup": [],
            "client_affinity_enabled": false,
            "client_certificate_enabled": false,
            "client_certificate_mode": "Required",
            "connection_string": [],
            "custom_domain_verification_id": "FDB4B335530713688B31FB55AB30EEFFC7FF9BEBA6A50489EB68D36A640A4D15",
            "default_hostname": "tailspin-space-game-web-zz1zz.azurewebsites.net",
            "enabled": true,
            "https_only": false,
            "id": "/subscriptions/568dff44-6963-4728-9fa4-4518dbd362f7/resourceGroups/tailspin-space-game-rg/providers/Microsoft.Web/sites/tailspin-space-game-web-zz1zz",
            "identity": [],
            "key_vault_reference_identity_id": "SystemAssigned",
            "kind": "app,linux",
            "location": "westeurope",
            "logs": [],
            "name": "tailspin-space-game-web-zz1zz",
            "outbound_ip_address_list": [
              "20.103.201.206",
              "20.103.202.74",
              "20.103.204.56",
              "20.103.206.240",
              "20.103.207.161",
              "20.126.224.144",
              "20.105.216.17"
            ],
            "outbound_ip_addresses": "20.103.201.206,20.103.202.74,20.103.204.56,20.103.206.240,20.103.207.161,20.126.224.144,20.105.216.17",
            "possible_outbound_ip_address_list": [
              "20.103.201.206",
              "20.103.202.74",
              "20.103.204.56",
              "20.103.206.240",
              "20.103.207.161",
              "20.126.224.144",
              "20.126.224.248",
              "20.103.201.183",
              "20.103.207.95",
              "20.126.229.58",
              "20.126.229.252",
              "20.126.230.49",
              "20.126.230.52",
              "20.126.230.141",
              "20.103.205.47",
              "20.126.230.191",
              "20.126.231.23",
              "20.126.231.79",
              "20.31.176.103",
              "20.31.177.10",
              "20.31.177.41",
              "20.31.177.124",
              "20.31.177.172",
              "20.31.177.183",
              "20.105.216.17"
            ],
            "possible_outbound_ip_addresses": "20.103.201.206,20.103.202.74,20.103.204.56,20.103.206.240,20.103.207.161,20.126.224.144,20.126.224.248,20.103.201.183,20.103.207.95,20.126.229.58,20.126.229.252,20.126.230.49,20.126.230.52,20.126.230.141,20.103.205.47,20.126.230.191,20.126.231.23,20.126.231.79,20.31.176.103,20.31.177.10,20.31.177.41,20.31.177.124,20.31.177.172,20.31.177.183,20.105.216.17",
            "resource_group_name": "tailspin-space-game-rg",
            "service_plan_id": "/subscriptions/568dff44-6963-4728-9fa4-4518dbd362f7/resourceGroups/tailspin-space-game-rg/providers/Microsoft.Web/serverfarms/tailspin-space-game-zz1zz",
            "site_config": [
              {
                "always_on": true,
                "api_definition_url": "",
                "api_management_api_id": "",
                "app_command_line": "",
                "application_stack": [
                  {
                    "docker_image": "",
                    "docker_image_tag": "",
                    "dotnet_version": "6.0",
                    "java_server": "",
                    "java_server_version": "",
                    "java_version": "",
                    "node_version": "",
                    "php_version": "",
                    "python_version": "",
                    "ruby_version": ""
                  }
                ],
                "auto_heal_enabled": false,
                "auto_heal_setting": [],
                "container_registry_managed_identity_client_id": "",
                "container_registry_use_managed_identity": false,
                "cors": [],
                "default_documents": [
                  "Default.htm",
                  "Default.html",
                  "Default.asp",
                  "index.htm",
                  "index.html",
                  "iisstart.htm",
                  "default.aspx",
                  "index.php",
                  "hostingstart.html"
                ],
                "detailed_error_logging_enabled": false,
                "ftps_state": "Disabled",
                "health_check_eviction_time_in_min": 0,
                "health_check_path": "",
                "http2_enabled": false,
                "ip_restriction": [],
                "linux_fx_version": "DOTNETCORE|6.0",
                "load_balancing_mode": "LeastRequests",
                "local_mysql_enabled": false,
                "managed_pipeline_mode": "Integrated",
                "minimum_tls_version": "1.2",
                "remote_debugging_enabled": false,
                "remote_debugging_version": "VS2019",
                "scm_ip_restriction": [],
                "scm_minimum_tls_version": "1.2",
                "scm_type": "None",
                "scm_use_main_ip_restriction": false,
                "use_32_bit_worker": true,
                "vnet_route_all_enabled": false,
                "websockets_enabled": false,
                "worker_count": 1
              }
            ],
            "site_credential": [
              {
                "name": "$tailspin-space-game-web-zz1zz",
                "password": "XW1pEkujt8ssphcHDEPT6afu6NBQE52rnT8Bqp0fhzDnadeYPB2B8Nbjg4vk"
              }
            ],
            "sticky_settings": [],
            "storage_account": [],
            "tags": null,
            "timeouts": null,
            "virtual_network_subnet_id": "",
            "zip_deploy_file": ""
          },
          "sensitive_attributes": [],
          "private": "eyJlMmJmYjczMC1lY2FhLTExZTYtOGY4OC0zNDM2M2JjN2M0YzAiOnsiY3JlYXRlIjoxODAwMDAwMDAwMDAwLCJkZWxldGUiOjE4MDAwMDAwMDAwMDAsInJlYWQiOjMwMDAwMDAwMDAwMCwidXBkYXRlIjoxODAwMDAwMDAwMDAwfX0=",
          "dependencies": [
            "azurerm_resource_group.main-rg",
            "azurerm_service_plan.plan"
          ]
        }
      ]
    },
    {
      "mode": "managed",
      "type": "azurerm_resource_group",
      "name": "main-rg",
      "provider": "provider[\"registry.terraform.io/hashicorp/azurerm\"]",
      "instances": [
        {
          "schema_version": 0,
          "attributes": {
            "id": "/subscriptions/568dff44-6963-4728-9fa4-4518dbd362f7/resourceGroups/tailspin-space-game-rg",
            "location": "westeurope",
            "name": "tailspin-space-game-rg",
            "tags": null,
            "timeouts": null
          },
          "sensitive_attributes": [],
          "private": "eyJlMmJmYjczMC1lY2FhLTExZTYtOGY4OC0zNDM2M2JjN2M0YzAiOnsiY3JlYXRlIjo1NDAwMDAwMDAwMDAwLCJkZWxldGUiOjU0MDAwMDAwMDAwMDAsInJlYWQiOjMwMDAwMDAwMDAwMCwidXBkYXRlIjo1NDAwMDAwMDAwMDAwfX0="
        }
      ]
    },
    {
      "mode": "managed",
      "type": "azurerm_service_plan",
      "name": "plan",
      "provider": "provider[\"registry.terraform.io/hashicorp/azurerm\"]",
      "instances": [
        {
          "schema_version": 0,
          "attributes": {
            "app_service_environment_id": "",
            "id": "/subscriptions/568dff44-6963-4728-9fa4-4518dbd362f7/resourceGroups/tailspin-space-game-rg/providers/Microsoft.Web/serverfarms/tailspin-space-game-zz1zz",
            "kind": "linux",
            "location": "westeurope",
            "maximum_elastic_worker_count": 1,
            "name": "tailspin-space-game-zz1zz",
            "os_type": "Linux",
            "per_site_scaling_enabled": false,
            "reserved": true,
            "resource_group_name": "tailspin-space-game-rg",
            "sku_name": "S1",
            "tags": null,
            "timeouts": null,
            "worker_count": 1,
            "zone_balancing_enabled": false
          },
          "sensitive_attributes": [],
          "private": "eyJlMmJmYjczMC1lY2FhLTExZTYtOGY4OC0zNDM2M2JjN2M0YzAiOnsiY3JlYXRlIjozNjAwMDAwMDAwMDAwLCJkZWxldGUiOjM2MDAwMDAwMDAwMDAsInJlYWQiOjMwMDAwMDAwMDAwMCwidXBkYXRlIjozNjAwMDAwMDAwMDAwfX0=",
          "dependencies": [
            "azurerm_resource_group.main-rg"
          ]
        }
      ]
    }
  ]
}
